dependencies:
  espressif/mdns:
    component_hash: d8ae7aa491ff97aea1d00d514a1de42cdbaaf1bce10df183968fa5594b904de7
    dependencies:
    - name: idf
      require: private
      version: '>=5.0'
    source:
      registry_url: https://components.espressif.com/
      type: service
    version: 1.2.5
  idf:
    source:
      type: idf
    version: 5.3.4
  m5stack/m5gfx:
    component_hash: 9d500616e26fa94f90819df866321f36a21b5bd66e01ae7a62860b21a295848f
    dependencies: []
    source:
      registry_url: https://components.espressif.com/
      type: service
    version: 0.2.25
  m5stack/m5unified:
    component_hash: a83244457e5a699b0a39ad879d0ddf93f210cd40a4f02d34187fe1bb9660d8c7
    dependencies: []
    source:
      registry_url: https://components.espressif.com/
      type: service
    version: 0.2.18
direct_dependencies:
- espressif/mdns
- idf
- m5stack/m5gfx
- m5stack/m5unified
manifest_hash: c4382db91a3434b8f148358aca0ee430125464f1ba23cc2e7eaeeaa904053e2d
target: esp32s3
version: 2.0.0
