dependencies:
  espressif/esp_websocket_client:
    component_hash: 8280960def8af4f84bc58d2d76f55357cd1387775cbc2e0a6b3ca229aa7e209e
    dependencies:
    - name: idf
      require: private
      version: '>=5.0'
    source:
      registry_url: https://components.espressif.com/
      type: service
    version: 1.3.0
  idf:
    source:
      type: idf
    version: 5.3.4
  m5stack/m5gfx:
    component_hash: 9d500616e26fa94f90819df866321f36a21b5bd66e01ae7a62860b21a295848f
    dependencies: []
    source:
      registry_url: https://components.espressif.com/
      type: service
    version: 0.2.25
  m5stack/m5unified:
    component_hash: a83244457e5a699b0a39ad879d0ddf93f210cd40a4f02d34187fe1bb9660d8c7
    dependencies: []
    source:
      registry_url: https://components.espressif.com/
      type: service
    version: 0.2.18
direct_dependencies:
- espressif/esp_websocket_client
- idf
- m5stack/m5gfx
- m5stack/m5unified
manifest_hash: e499bdc0f5dfbf460dfd9049ced833eaf81d5cd22a32ccf9b2437e75227311df
target: esp32s3
version: 2.0.0
