dependencies:
  idf:
    source:
      type: idf
    version: 5.4.1
  lvgl/lvgl:
    component_hash: d7c1ac037ae6e85d94897f807d6e7ba0946a83e720074fc95a4f6241da9f9f53
    dependencies: []
    source:
      registry_url: https://components.espressif.com/
      type: service
    version: 8.4.0
direct_dependencies:
- idf
- lvgl/lvgl
manifest_hash: 721f9ef5914088e8d0d571491ad8ac4be3f0c78dcd410e310c8e0a9addd212d6
target: esp32s3
version: 2.0.0
